{
  "version": 4,
  "terraform_version": "1.6.4",
  "serial": 170,
  "lineage": "be173e97-4fdd-dd73-72ef-eb6b5aeaf7b8",
  "outputs": {},
  "resources": [
    {
      "mode": "managed",
      "type": "aws_ecs_cluster",
      "name": "cluster",
      "provider": "provider[\"registry.terraform.io/hashicorp/aws\"]",
      "instances": [
        {
          "schema_version": 0,
          "attributes": {
            "arn": "arn:aws:ecs:us-west-2:638942691683:cluster/example",
            "configuration": [],
            "id": "arn:aws:ecs:us-west-2:638942691683:cluster/example",
            "name": "example",
            "service_connect_defaults": [],
            "setting": [
              {
                "name": "containerInsights",
                "value": "disabled"
              }
            ],
            "tags": {},
            "tags_all": {}
          },
          "sensitive_attributes": [],
          "private": "bnVsbA=="
        }
      ]
    },
    {
      "mode": "managed",
      "type": "aws_ecs_service",
      "name": "service",
      "provider": "provider[\"registry.terraform.io/hashicorp/aws\"]",
      "instances": [
        {
          "schema_version": 0,
          "attributes": {
            "alarms": [],
            "capacity_provider_strategy": [],
            "cluster": "arn:aws:ecs:us-west-2:638942691683:cluster/example",
            "deployment_circuit_breaker": [
              {
                "enable": false,
                "rollback": false
              }
            ],
            "deployment_controller": [
              {
                "type": "ECS"
              }
            ],
            "deployment_maximum_percent": 200,
            "deployment_minimum_healthy_percent": 100,
            "desired_count": 4,
            "enable_ecs_managed_tags": false,
            "enable_execute_command": false,
            "force_new_deployment": null,
            "health_check_grace_period_seconds": 0,
            "iam_role": "/aws-service-role/ecs.amazonaws.com/AWSServiceRoleForECS",
            "id": "arn:aws:ecs:us-west-2:638942691683:service/example/example",
            "launch_type": "FARGATE",
            "load_balancer": [
              {
                "container_name": "example",
                "container_port": 80,
                "elb_name": "",
                "target_group_arn": "arn:aws:elasticloadbalancing:us-west-2:638942691683:targetgroup/tf-example/4a5d015645aa520d"
              }
            ],
            "name": "example",
            "network_configuration": [
              {
                "assign_public_ip": true,
                "security_groups": [
                  "sg-0d75f48867ade68b8"
                ],
                "subnets": [
                  "subnet-05c336e73caf7bc3a",
                  "subnet-0e893cffc44648bc8"
                ]
              }
            ],
            "ordered_placement_strategy": [],
            "placement_constraints": [],
            "platform_version": "LATEST",
            "propagate_tags": "NONE",
            "scheduling_strategy": "REPLICA",
            "service_connect_configuration": [],
            "service_registries": [],
            "tags": {},
            "tags_all": {},
            "task_definition": "arn:aws:ecs:us-west-2:638942691683:task-definition/example:4",
            "timeouts": null,
            "triggers": {},
            "wait_for_steady_state": false
          },
          "sensitive_attributes": [],
          "private": "eyJlMmJmYjczMC1lY2FhLTExZTYtOGY4OC0zNDM2M2JjN2M0YzAiOnsiY3JlYXRlIjoxMjAwMDAwMDAwMDAwLCJkZWxldGUiOjEyMDAwMDAwMDAwMDAsInVwZGF0ZSI6MTIwMDAwMDAwMDAwMH19",
          "dependencies": [
            "aws_ecs_cluster.cluster",
            "aws_ecs_task_definition.task",
            "aws_lb_target_group.test",
            "aws_security_group.lb_sg",
            "aws_subnet.public_subnet_a",
            "aws_subnet.public_subnet_b",
            "aws_vpc.example"
          ]
        }
      ]
    },
    {
      "mode": "managed",
      "type": "aws_ecs_task_definition",
      "name": "task",
      "provider": "provider[\"registry.terraform.io/hashicorp/aws\"]",
      "instances": [
        {
          "schema_version": 1,
          "attributes": {
            "arn": "arn:aws:ecs:us-west-2:638942691683:task-definition/example:4",
            "arn_without_revision": "arn:aws:ecs:us-west-2:638942691683:task-definition/example",
            "container_definitions": "[{\"cpu\":0,\"environment\":[],\"essential\":true,\"image\":\"nginx:latest\",\"mountPoints\":[],\"name\":\"example\",\"portMappings\":[{\"containerPort\":80,\"hostPort\":80,\"protocol\":\"tcp\"}],\"volumesFrom\":[]}]",
            "cpu": "256",
            "ephemeral_storage": [],
            "execution_role_arn": "",
            "family": "example",
            "id": "example",
            "inference_accelerator": [],
            "ipc_mode": "",
            "memory": "512",
            "network_mode": "awsvpc",
            "pid_mode": "",
            "placement_constraints": [],
            "proxy_configuration": [],
            "requires_compatibilities": [
              "EC2",
              "FARGATE"
            ],
            "revision": 4,
            "runtime_platform": [],
            "skip_destroy": false,
            "tags": {},
            "tags_all": {},
            "task_role_arn": "",
            "volume": []
          },
          "sensitive_attributes": [],
          "private": "eyJzY2hlbWFfdmVyc2lvbiI6IjEifQ=="
        }
      ]
    },
    {
      "mode": "managed",
      "type": "aws_internet_gateway",
      "name": "gw",
      "provider": "provider[\"registry.terraform.io/hashicorp/aws\"]",
      "instances": [
        {
          "schema_version": 0,
          "attributes": {
            "arn": "arn:aws:ec2:us-west-2:638942691683:internet-gateway/igw-0964e4b42aa959e24",
            "id": "igw-0964e4b42aa959e24",
            "owner_id": "638942691683",
            "tags": {},
            "tags_all": {},
            "timeouts": null,
            "vpc_id": "vpc-0bd20428bd98d57c3"
          },
          "sensitive_attributes": [],
          "private": "eyJlMmJmYjczMC1lY2FhLTExZTYtOGY4OC0zNDM2M2JjN2M0YzAiOnsiY3JlYXRlIjoxMjAwMDAwMDAwMDAwLCJkZWxldGUiOjEyMDAwMDAwMDAwMDAsInVwZGF0ZSI6MTIwMDAwMDAwMDAwMH19",
          "dependencies": [
            "aws_vpc.example"
          ]
        }
      ]
    },
    {
      "mode": "managed",
      "type": "aws_lb",
      "name": "test",
      "provider": "provider[\"registry.terraform.io/hashicorp/aws\"]",
      "instances": [
        {
          "schema_version": 0,
          "attributes": {
            "access_logs": [
              {
                "bucket": "",
                "enabled": false,
                "prefix": ""
              }
            ],
            "arn": "arn:aws:elasticloadbalancing:us-west-2:638942691683:loadbalancer/app/test-lb-tf/7e01fb2cba5f9ef0",
            "arn_suffix": "app/test-lb-tf/7e01fb2cba5f9ef0",
            "customer_owned_ipv4_pool": "",
            "desync_mitigation_mode": "defensive",
            "dns_name": "test-lb-tf-1899672850.us-west-2.elb.amazonaws.com",
            "dns_record_client_routing_policy": null,
            "drop_invalid_header_fields": false,
            "enable_cross_zone_load_balancing": true,
            "enable_deletion_protection": false,
            "enable_http2": true,
            "enable_tls_version_and_cipher_suite_headers": false,
            "enable_waf_fail_open": false,
            "enable_xff_client_port": false,
            "id": "arn:aws:elasticloadbalancing:us-west-2:638942691683:loadbalancer/app/test-lb-tf/7e01fb2cba5f9ef0",
            "idle_timeout": 60,
            "internal": false,
            "ip_address_type": "ipv4",
            "load_balancer_type": "application",
            "name": "test-lb-tf",
            "name_prefix": "",
            "preserve_host_header": false,
            "security_groups": [
              "sg-0d75f48867ade68b8"
            ],
            "subnet_mapping": [
              {
                "allocation_id": "",
                "ipv6_address": "",
                "outpost_id": "",
                "private_ipv4_address": "",
                "subnet_id": "subnet-05c336e73caf7bc3a"
              },
              {
                "allocation_id": "",
                "ipv6_address": "",
                "outpost_id": "",
                "private_ipv4_address": "",
                "subnet_id": "subnet-0e893cffc44648bc8"
              }
            ],
            "subnets": [
              "subnet-05c336e73caf7bc3a",
              "subnet-0e893cffc44648bc8"
            ],
            "tags": {},
            "tags_all": {},
            "timeouts": null,
            "vpc_id": "vpc-0bd20428bd98d57c3",
            "xff_header_processing_mode": "append",
            "zone_id": "Z1H1FL5HABSF5"
          },
          "sensitive_attributes": [],
          "private": "eyJlMmJmYjczMC1lY2FhLTExZTYtOGY4OC0zNDM2M2JjN2M0YzAiOnsiY3JlYXRlIjo2MDAwMDAwMDAwMDAsImRlbGV0ZSI6NjAwMDAwMDAwMDAwLCJ1cGRhdGUiOjYwMDAwMDAwMDAwMH19",
          "dependencies": [
            "aws_security_group.lb_sg",
            "aws_subnet.public_subnet_a",
            "aws_subnet.public_subnet_b",
            "aws_vpc.example"
          ]
        }
      ]
    },
    {
      "mode": "managed",
      "type": "aws_lb_listener",
      "name": "front_end",
      "provider": "provider[\"registry.terraform.io/hashicorp/aws\"]",
      "instances": [
        {
          "schema_version": 0,
          "attributes": {
            "alpn_policy": null,
            "arn": "arn:aws:elasticloadbalancing:us-west-2:638942691683:listener/app/test-lb-tf/7e01fb2cba5f9ef0/2c3a6ad79ff31e6e",
            "certificate_arn": null,
            "default_action": [
              {
                "authenticate_cognito": [],
                "authenticate_oidc": [],
                "fixed_response": [],
                "forward": [],
                "order": 1,
                "redirect": [],
                "target_group_arn": "arn:aws:elasticloadbalancing:us-west-2:638942691683:targetgroup/tf-example/4a5d015645aa520d",
                "type": "forward"
              }
            ],
            "id": "arn:aws:elasticloadbalancing:us-west-2:638942691683:listener/app/test-lb-tf/7e01fb2cba5f9ef0/2c3a6ad79ff31e6e",
            "load_balancer_arn": "arn:aws:elasticloadbalancing:us-west-2:638942691683:loadbalancer/app/test-lb-tf/7e01fb2cba5f9ef0",
            "port": 80,
            "protocol": "HTTP",
            "ssl_policy": "",
            "tags": {},
            "tags_all": {},
            "timeouts": null
          },
          "sensitive_attributes": [],
          "private": "eyJlMmJmYjczMC1lY2FhLTExZTYtOGY4OC0zNDM2M2JjN2M0YzAiOnsicmVhZCI6NjAwMDAwMDAwMDAwfX0=",
          "dependencies": [
            "aws_lb.test",
            "aws_lb_target_group.test",
            "aws_security_group.lb_sg",
            "aws_subnet.public_subnet_a",
            "aws_subnet.public_subnet_b",
            "aws_vpc.example"
          ]
        }
      ]
    },
    {
      "mode": "managed",
      "type": "aws_lb_target_group",
      "name": "test",
      "provider": "provider[\"registry.terraform.io/hashicorp/aws\"]",
      "instances": [
        {
          "schema_version": 0,
          "attributes": {
            "arn": "arn:aws:elasticloadbalancing:us-west-2:638942691683:targetgroup/tf-example/4a5d015645aa520d",
            "arn_suffix": "targetgroup/tf-example/4a5d015645aa520d",
            "connection_termination": null,
            "deregistration_delay": "300",
            "health_check": [
              {
                "enabled": true,
                "healthy_threshold": 5,
                "interval": 30,
                "matcher": "200",
                "path": "/",
                "port": "traffic-port",
                "protocol": "HTTP",
                "timeout": 5,
                "unhealthy_threshold": 2
              }
            ],
            "id": "arn:aws:elasticloadbalancing:us-west-2:638942691683:targetgroup/tf-example/4a5d015645aa520d",
            "ip_address_type": "ipv4",
            "lambda_multi_value_headers_enabled": false,
            "load_balancing_algorithm_type": "round_robin",
            "load_balancing_cross_zone_enabled": "use_load_balancer_configuration",
            "name": "tf-example",
            "name_prefix": "",
            "port": 80,
            "preserve_client_ip": null,
            "protocol": "HTTP",
            "protocol_version": "HTTP1",
            "proxy_protocol_v2": false,
            "slow_start": 0,
            "stickiness": [
              {
                "cookie_duration": 86400,
                "cookie_name": "",
                "enabled": false,
                "type": "lb_cookie"
              }
            ],
            "tags": {},
            "tags_all": {},
            "target_failover": [
              {
                "on_deregistration": null,
                "on_unhealthy": null
              }
            ],
            "target_health_state": [
              {
                "enable_unhealthy_connection_termination": null
              }
            ],
            "target_type": "ip",
            "vpc_id": "vpc-0bd20428bd98d57c3"
          },
          "sensitive_attributes": [],
          "private": "bnVsbA==",
          "dependencies": [
            "aws_vpc.example"
          ]
        }
      ]
    },
    {
      "mode": "managed",
      "type": "aws_main_route_table_association",
      "name": "a",
      "provider": "provider[\"registry.terraform.io/hashicorp/aws\"]",
      "instances": [
        {
          "schema_version": 0,
          "attributes": {
            "id": "rtbassoc-081a1896d39348034",
            "original_route_table_id": "rtb-0a89c63c7dbca41aa",
            "route_table_id": "rtb-0bced69a7d78b2515",
            "timeouts": null,
            "vpc_id": "vpc-0bd20428bd98d57c3"
          },
          "sensitive_attributes": [],
          "private": "eyJlMmJmYjczMC1lY2FhLTExZTYtOGY4OC0zNDM2M2JjN2M0YzAiOnsiY3JlYXRlIjozMDAwMDAwMDAwMDAsImRlbGV0ZSI6MzAwMDAwMDAwMDAwLCJ1cGRhdGUiOjEyMDAwMDAwMDAwMH19",
          "dependencies": [
            "aws_internet_gateway.gw",
            "aws_route_table.r",
            "aws_vpc.example"
          ]
        }
      ]
    },
    {
      "mode": "managed",
      "type": "aws_route_table",
      "name": "r",
      "provider": "provider[\"registry.terraform.io/hashicorp/aws\"]",
      "instances": [
        {
          "schema_version": 0,
          "attributes": {
            "arn": "arn:aws:ec2:us-west-2:638942691683:route-table/rtb-0bced69a7d78b2515",
            "id": "rtb-0bced69a7d78b2515",
            "owner_id": "638942691683",
            "propagating_vgws": [],
            "route": [
              {
                "carrier_gateway_id": "",
                "cidr_block": "0.0.0.0/0",
                "core_network_arn": "",
                "destination_prefix_list_id": "",
                "egress_only_gateway_id": "",
                "gateway_id": "igw-0964e4b42aa959e24",
                "ipv6_cidr_block": "",
                "local_gateway_id": "",
                "nat_gateway_id": "",
                "network_interface_id": "",
                "transit_gateway_id": "",
                "vpc_endpoint_id": "",
                "vpc_peering_connection_id": ""
              }
            ],
            "tags": {
              "Name": "main"
            },
            "tags_all": {
              "Name": "main"
            },
            "timeouts": null,
            "vpc_id": "vpc-0bd20428bd98d57c3"
          },
          "sensitive_attributes": [],
          "private": "eyJlMmJmYjczMC1lY2FhLTExZTYtOGY4OC0zNDM2M2JjN2M0YzAiOnsiY3JlYXRlIjozMDAwMDAwMDAwMDAsImRlbGV0ZSI6MzAwMDAwMDAwMDAwLCJ1cGRhdGUiOjEyMDAwMDAwMDAwMH19",
          "dependencies": [
            "aws_internet_gateway.gw",
            "aws_vpc.example"
          ]
        }
      ]
    },
    {
      "mode": "managed",
      "type": "aws_security_group",
      "name": "lb_sg",
      "provider": "provider[\"registry.terraform.io/hashicorp/aws\"]",
      "instances": [
        {
          "schema_version": 1,
          "attributes": {
            "arn": "arn:aws:ec2:us-west-2:638942691683:security-group/sg-0d75f48867ade68b8",
            "description": "Allow all inbound traffic",
            "egress": [
              {
                "cidr_blocks": [
                  "0.0.0.0/0"
                ],
                "description": "",
                "from_port": 0,
                "ipv6_cidr_blocks": [],
                "prefix_list_ids": [],
                "protocol": "-1",
                "security_groups": [],
                "self": false,
                "to_port": 0
              }
            ],
            "id": "sg-0d75f48867ade68b8",
            "ingress": [
              {
                "cidr_blocks": [
                  "0.0.0.0/0"
                ],
                "description": "",
                "from_port": 80,
                "ipv6_cidr_blocks": [],
                "prefix_list_ids": [],
                "protocol": "tcp",
                "security_groups": [],
                "self": false,
                "to_port": 80
              }
            ],
            "name": "lb_sg",
            "name_prefix": "",
            "owner_id": "638942691683",
            "revoke_rules_on_delete": false,
            "tags": {},
            "tags_all": {},
            "timeouts": null,
            "vpc_id": "vpc-0bd20428bd98d57c3"
          },
          "sensitive_attributes": [],
          "private": "eyJlMmJmYjczMC1lY2FhLTExZTYtOGY4OC0zNDM2M2JjN2M0YzAiOnsiY3JlYXRlIjo2MDAwMDAwMDAwMDAsImRlbGV0ZSI6OTAwMDAwMDAwMDAwfSwic2NoZW1hX3ZlcnNpb24iOiIxIn0=",
          "dependencies": [
            "aws_vpc.example"
          ]
        }
      ]
    },
    {
      "mode": "managed",
      "type": "aws_subnet",
      "name": "public_subnet_a",
      "provider": "provider[\"registry.terraform.io/hashicorp/aws\"]",
      "instances": [
        {
          "schema_version": 1,
          "attributes": {
            "arn": "arn:aws:ec2:us-west-2:638942691683:subnet/subnet-05c336e73caf7bc3a",
            "assign_ipv6_address_on_creation": false,
            "availability_zone": "us-west-2a",
            "availability_zone_id": "usw2-az1",
            "cidr_block": "10.0.1.0/24",
            "customer_owned_ipv4_pool": "",
            "enable_dns64": false,
            "enable_lni_at_device_index": 0,
            "enable_resource_name_dns_a_record_on_launch": false,
            "enable_resource_name_dns_aaaa_record_on_launch": false,
            "id": "subnet-05c336e73caf7bc3a",
            "ipv6_cidr_block": "",
            "ipv6_cidr_block_association_id": "",
            "ipv6_native": false,
            "map_customer_owned_ip_on_launch": false,
            "map_public_ip_on_launch": true,
            "outpost_arn": "",
            "owner_id": "638942691683",
            "private_dns_hostname_type_on_launch": "ip-name",
            "tags": {
              "Name": "public-subnet-a"
            },
            "tags_all": {
              "Name": "public-subnet-a"
            },
            "timeouts": null,
            "vpc_id": "vpc-0bd20428bd98d57c3"
          },
          "sensitive_attributes": [],
          "private": "eyJlMmJmYjczMC1lY2FhLTExZTYtOGY4OC0zNDM2M2JjN2M0YzAiOnsiY3JlYXRlIjo2MDAwMDAwMDAwMDAsImRlbGV0ZSI6MTIwMDAwMDAwMDAwMH0sInNjaGVtYV92ZXJzaW9uIjoiMSJ9",
          "dependencies": [
            "aws_vpc.example"
          ]
        }
      ]
    },
    {
      "mode": "managed",
      "type": "aws_subnet",
      "name": "public_subnet_b",
      "provider": "provider[\"registry.terraform.io/hashicorp/aws\"]",
      "instances": [
        {
          "schema_version": 1,
          "attributes": {
            "arn": "arn:aws:ec2:us-west-2:638942691683:subnet/subnet-0e893cffc44648bc8",
            "assign_ipv6_address_on_creation": false,
            "availability_zone": "us-west-2b",
            "availability_zone_id": "usw2-az2",
            "cidr_block": "10.0.2.0/24",
            "customer_owned_ipv4_pool": "",
            "enable_dns64": false,
            "enable_lni_at_device_index": 0,
            "enable_resource_name_dns_a_record_on_launch": false,
            "enable_resource_name_dns_aaaa_record_on_launch": false,
            "id": "subnet-0e893cffc44648bc8",
            "ipv6_cidr_block": "",
            "ipv6_cidr_block_association_id": "",
            "ipv6_native": false,
            "map_customer_owned_ip_on_launch": false,
            "map_public_ip_on_launch": true,
            "outpost_arn": "",
            "owner_id": "638942691683",
            "private_dns_hostname_type_on_launch": "ip-name",
            "tags": {
              "Name": "public-subnet-b"
            },
            "tags_all": {
              "Name": "public-subnet-b"
            },
            "timeouts": null,
            "vpc_id": "vpc-0bd20428bd98d57c3"
          },
          "sensitive_attributes": [],
          "private": "eyJlMmJmYjczMC1lY2FhLTExZTYtOGY4OC0zNDM2M2JjN2M0YzAiOnsiY3JlYXRlIjo2MDAwMDAwMDAwMDAsImRlbGV0ZSI6MTIwMDAwMDAwMDAwMH0sInNjaGVtYV92ZXJzaW9uIjoiMSJ9",
          "dependencies": [
            "aws_vpc.example"
          ]
        }
      ]
    },
    {
      "mode": "managed",
      "type": "aws_vpc",
      "name": "example",
      "provider": "provider[\"registry.terraform.io/hashicorp/aws\"]",
      "instances": [
        {
          "schema_version": 1,
          "attributes": {
            "arn": "arn:aws:ec2:us-west-2:638942691683:vpc/vpc-0bd20428bd98d57c3",
            "assign_generated_ipv6_cidr_block": false,
            "cidr_block": "10.0.0.0/16",
            "default_network_acl_id": "acl-0dbbd5be44b8f1e0c",
            "default_route_table_id": "rtb-0bced69a7d78b2515",
            "default_security_group_id": "sg-0bddedfdce161c62b",
            "dhcp_options_id": "dopt-02ecf439edb298e1f",
            "enable_dns_hostnames": true,
            "enable_dns_support": true,
            "enable_network_address_usage_metrics": false,
            "id": "vpc-0bd20428bd98d57c3",
            "instance_tenancy": "default",
            "ipv4_ipam_pool_id": null,
            "ipv4_netmask_length": null,
            "ipv6_association_id": "",
            "ipv6_cidr_block": "",
            "ipv6_cidr_block_network_border_group": "",
            "ipv6_ipam_pool_id": "",
            "ipv6_netmask_length": 0,
            "main_route_table_id": "rtb-0bced69a7d78b2515",
            "owner_id": "638942691683",
            "tags": {
              "Name": "example-vpc"
            },
            "tags_all": {
              "Name": "example-vpc"
            }
          },
          "sensitive_attributes": [],
          "private": "eyJzY2hlbWFfdmVyc2lvbiI6IjEifQ=="
        }
      ]
    }
  ],
  "check_results": null
}
